<?xml version="1.0" encoding="utf-8"?>
<Project ToolsVersion="4.0" xmlns="http://schemas.microsoft.com/developer/msbuild/2003">
  <ItemGroup>
    <Filter Include="Исходные файлы">
      <UniqueIdentifier>{4FC737F1-C7A5-4376-A066-2A32D752A2FF}</UniqueIdentifier>
      <Extensions>cpp;c;cc;cxx;c++;cppm;ixx;def;odl;idl;hpj;bat;asm;asmx</Extensions>
    </Filter>
    <Filter Include="Файлы заголовков">
      <UniqueIdentifier>{93995380-89BD-4b04-88EB-625FBE52EBFB}</UniqueIdentifier>
      <Extensions>h;hh;hpp;hxx;h++;hm;inl;inc;ipp;xsd</Extensions>
    </Filter>
    <Filter Include="Файлы ресурсов">
      <UniqueIdentifier>{67DA6AB6-F800-4c08-8B7A-83BB121AAD01}</UniqueIdentifier>
      <Extensions>rc;ico;cur;bmp;dlg;rc2;rct;bin;rgs;gif;jpg;jpeg;jpe;resx;tiff;tif;png;wav;mfcribbon-ms</Extensions>
    </Filter>
    <Filter Include="Cars">
      <UniqueIdentifier>{df1962a9-9a27-4932-8f33-fab8e0f23988}</UniqueIdentifier>
    </Filter>
    <Filter Include="Fuels">
      <UniqueIdentifier>{e769a813-1eca-4001-9d69-3e1beaf824c7}</UniqueIdentifier>
    </Filter>
    <Filter Include="Chassis">
      <UniqueIdentifier>{f4870c6c-1e58-4733-b1a7-e8a4bded0c81}</UniqueIdentifier>
    </Filter>
    <Filter Include="Players">
      <UniqueIdentifier>{67e391a8-9795-49b2-8f04-0ebf2594e8e8}</UniqueIdentifier>
    </Filter>
  </ItemGroup>
  <ItemGroup>
    <ClCompile Include="DZ5.cpp">
      <Filter>Исходные файлы</Filter>
    </ClCompile>
    <ClCompile Include="RacingGame.cpp">
      <Filter>Исходные файлы</Filter>
    </ClCompile>
    <ClCompile Include="GASelCar.cpp">
      <Filter>Cars</Filter>
    </ClCompile>
    <ClCompile Include="LADACar.cpp">
      <Filter>Cars</Filter>
    </ClCompile>
    <ClCompile Include="Car.cpp">
      <Filter>Cars</Filter>
    </ClCompile>
    <ClCompile Include="Fuel.cpp">
      <Filter>Fuels</Filter>
    </ClCompile>
    <ClCompile Include="Petrol.cpp">
      <Filter>Fuels</Filter>
    </ClCompile>
    <ClCompile Include="Diesel.cpp">
      <Filter>Fuels</Filter>
    </ClCompile>
    <ClCompile Include="Track.cpp">
      <Filter>Chassis</Filter>
    </ClCompile>
    <ClCompile Include="Wheels.cpp">
      <Filter>Chassis</Filter>
    </ClCompile>
    <ClCompile Include="Chassis.cpp">
      <Filter>Chassis</Filter>
    </ClCompile>
    <ClCompile Include="AIPlayer.cpp">
      <Filter>Players</Filter>
    </ClCompile>
    <ClCompile Include="HumanPlayer.cpp">
      <Filter>Players</Filter>
    </ClCompile>
    <ClCompile Include="Player.cpp">
      <Filter>Players</Filter>
    </ClCompile>
    <ClCompile Include="Thermonuclear.cpp">
      <Filter>Fuels</Filter>
    </ClCompile>
    <ClCompile Include="Nuclear.cpp">
      <Filter>Fuels</Filter>
    </ClCompile>
  </ItemGroup>
  <ItemGroup>
    <ClInclude Include="RacingGame.h">
      <Filter>Файлы заголовков</Filter>
    </ClInclude>
    <ClInclude Include="LADACar.h">
      <Filter>Cars</Filter>
    </ClInclude>
    <ClInclude Include="GASelCar.h">
      <Filter>Cars</Filter>
    </ClInclude>
    <ClInclude Include="Car.h">
      <Filter>Cars</Filter>
    </ClInclude>
    <ClInclude Include="Diesel.h">
      <Filter>Fuels</Filter>
    </ClInclude>
    <ClInclude Include="Fuel.h">
      <Filter>Fuels</Filter>
    </ClInclude>
    <ClInclude Include="Petrol.h">
      <Filter>Fuels</Filter>
    </ClInclude>
    <ClInclude Include="Wheels.h">
      <Filter>Chassis</Filter>
    </ClInclude>
    <ClInclude Include="Track.h">
      <Filter>Chassis</Filter>
    </ClInclude>
    <ClInclude Include="Chassis.h">
      <Filter>Chassis</Filter>
    </ClInclude>
    <ClInclude Include="RoadType.h">
      <Filter>Файлы заголовков</Filter>
    </ClInclude>
    <ClInclude Include="AIPlayer.h">
      <Filter>Players</Filter>
    </ClInclude>
    <ClInclude Include="HumanPlayer.h">
      <Filter>Players</Filter>
    </ClInclude>
    <ClInclude Include="Player.h">
      <Filter>Players</Filter>
    </ClInclude>
    <ClInclude Include="Thermonuclear.h">
      <Filter>Fuels</Filter>
    </ClInclude>
    <ClInclude Include="Nuclear.h">
      <Filter>Fuels</Filter>
    </ClInclude>
  </ItemGroup>
</Project>